// !$*UTF8*$!
{
	archiveVersion = 1;
	classes = {
	};
	objectVersion = 52;
	objects = {

/* Begin PBXBuildFile section */
		11377A9E25D9AAFE0086AC8D /* AlamofireImage in Frameworks */ = {isa = PBXBuildFile; productRef = 11377A9D25D9AAFE0086AC8D /* AlamofireImage */; };
		11377AA225D9AB170086AC8D /* Alamofire in Frameworks */ = {isa = PBXBuildFile; productRef = 11377AA125D9AB170086AC8D /* Alamofire */; };
		1160A31525D994C6006B63C1 /* AppDelegate.swift in Sources */ = {isa = PBXBuildFile; fileRef = 1160A31425D994C6006B63C1 /* AppDelegate.swift */; };
		1160A31725D994C6006B63C1 /* SceneDelegate.swift in Sources */ = {isa = PBXBuildFile; fileRef = 1160A31625D994C6006B63C1 /* SceneDelegate.swift */; };
		1160A31925D994C6006B63C1 /* MapVC.swift in Sources */ = {isa = PBXBuildFile; fileRef = 1160A31825D994C6006B63C1 /* MapVC.swift */; };
		1160A31C25D994C6006B63C1 /* Main.storyboard in Resources */ = {isa = PBXBuildFile; fileRef = 1160A31A25D994C6006B63C1 /* Main.storyboard */; };
		1160A31E25D994CA006B63C1 /* Assets.xcassets in Resources */ = {isa = PBXBuildFile; fileRef = 1160A31D25D994CA006B63C1 /* Assets.xcassets */; };
		1160A32125D994CA006B63C1 /* LaunchScreen.storyboard in Resources */ = {isa = PBXBuildFile; fileRef = 1160A31F25D994CA006B63C1 /* LaunchScreen.storyboard */; };
		119DE27425DA7F8600568D7C /* DroppablePin.swift in Sources */ = {isa = PBXBuildFile; fileRef = 119DE27325DA7F8600568D7C /* DroppablePin.swift */; };
		119DE27725DAEC8600568D7C /* PhotoCell.swift in Sources */ = {isa = PBXBuildFile; fileRef = 119DE27625DAEC8600568D7C /* PhotoCell.swift */; };
		119DE27A25DAF7FA00568D7C /* Constants.swift in Sources */ = {isa = PBXBuildFile; fileRef = 119DE27925DAF7FA00568D7C /* Constants.swift */; };
/* End PBXBuildFile section */

/* Begin PBXFileReference section */
		1160A31125D994C6006B63C1 /* Photo-pin.app */ = {isa = PBXFileReference; explicitFileType = wrapper.application; includeInIndex = 0; path = "Photo-pin.app"; sourceTree = BUILT_PRODUCTS_DIR; };
		1160A31425D994C6006B63C1 /* AppDelegate.swift */ = {isa = PBXFileReference; lastKnownFileType = sourcecode.swift; path = AppDelegate.swift; sourceTree = "<group>"; };
		1160A31625D994C6006B63C1 /* SceneDelegate.swift */ = {isa = PBXFileReference; lastKnownFileType = sourcecode.swift; path = SceneDelegate.swift; sourceTree = "<group>"; };
		1160A31825D994C6006B63C1 /* MapVC.swift */ = {isa = PBXFileReference; lastKnownFileType = sourcecode.swift; path = MapVC.swift; sourceTree = "<group>"; };
		1160A31B25D994C6006B63C1 /* Base */ = {isa = PBXFileReference; lastKnownFileType = file.storyboard; name = Base; path = Base.lproj/Main.storyboard; sourceTree = "<group>"; };
		1160A31D25D994CA006B63C1 /* Assets.xcassets */ = {isa = PBXFileReference; lastKnownFileType = folder.assetcatalog; path = Assets.xcassets; sourceTree = "<group>"; };
		1160A32025D994CA006B63C1 /* Base */ = {isa = PBXFileReference; lastKnownFileType = file.storyboard; name = Base; path = Base.lproj/LaunchScreen.storyboard; sourceTree = "<group>"; };
		1160A32225D994CA006B63C1 /* Info.plist */ = {isa = PBXFileReference; lastKnownFileType = text.plist.xml; path = Info.plist; sourceTree = "<group>"; };
		119DE27325DA7F8600568D7C /* DroppablePin.swift */ = {isa = PBXFileReference; lastKnownFileType = sourcecode.swift; path = DroppablePin.swift; sourceTree = "<group>"; };
		119DE27625DAEC8600568D7C /* PhotoCell.swift */ = {isa = PBXFileReference; lastKnownFileType = sourcecode.swift; path = PhotoCell.swift; sourceTree = "<group>"; };
		119DE27925DAF7FA00568D7C /* Constants.swift */ = {isa = PBXFileReference; lastKnownFileType = sourcecode.swift; path = Constants.swift; sourceTree = "<group>"; };
/* End PBXFileReference section */

/* Begin PBXFrameworksBuildPhase section */
		1160A30E25D994C6006B63C1 /* Frameworks */ = {
			isa = PBXFrameworksBuildPhase;
			buildActionMask = 2147483647;
			files = (
				11377A9E25D9AAFE0086AC8D /* AlamofireImage in Frameworks */,
				11377AA225D9AB170086AC8D /* Alamofire in Frameworks */,
			);
			runOnlyForDeploymentPostprocessing = 0;
		};
/* End PBXFrameworksBuildPhase section */

/* Begin PBXGroup section */
		1160A30825D994C6006B63C1 = {
			isa = PBXGroup;
			children = (
				1160A31325D994C6006B63C1 /* Photo-pin */,
				1160A31225D994C6006B63C1 /* Products */,
			);
			sourceTree = "<group>";
		};
		1160A31225D994C6006B63C1 /* Products */ = {
			isa = PBXGroup;
			children = (
				1160A31125D994C6006B63C1 /* Photo-pin.app */,
			);
			name = Products;
			sourceTree = "<group>";
		};
		1160A31325D994C6006B63C1 /* Photo-pin */ = {
			isa = PBXGroup;
			children = (
				1160A32D25D99D19006B63C1 /* Utilities */,
				1160A32B25D9952A006B63C1 /* Extensions */,
				1160A32A25D99521006B63C1 /* View */,
				1160A32925D99518006B63C1 /* Controller */,
				1160A31425D994C6006B63C1 /* AppDelegate.swift */,
				1160A31625D994C6006B63C1 /* SceneDelegate.swift */,
				1160A31A25D994C6006B63C1 /* Main.storyboard */,
				1160A31D25D994CA006B63C1 /* Assets.xcassets */,
				1160A31F25D994CA006B63C1 /* LaunchScreen.storyboard */,
				1160A32225D994CA006B63C1 /* Info.plist */,
			);
			path = "Photo-pin";
			sourceTree = "<group>";
		};
		1160A32925D99518006B63C1 /* Controller */ = {
			isa = PBXGroup;
			children = (
				1160A31825D994C6006B63C1 /* MapVC.swift */,
			);
			path = Controller;
			sourceTree = "<group>";
		};
		1160A32A25D99521006B63C1 /* View */ = {
			isa = PBXGroup;
			children = (
				119DE27325DA7F8600568D7C /* DroppablePin.swift */,
				119DE27625DAEC8600568D7C /* PhotoCell.swift */,
			);
			path = View;
			sourceTree = "<group>";
		};
		1160A32B25D9952A006B63C1 /* Extensions */ = {
			isa = PBXGroup;
			children = (
			);
			path = Extensions;
			sourceTree = "<group>";
		};
		1160A32D25D99D19006B63C1 /* Utilities */ = {
			isa = PBXGroup;
			children = (
				119DE27925DAF7FA00568D7C /* Constants.swift */,
			);
			path = Utilities;
			sourceTree = "<group>";
		};
/* End PBXGroup section */

/* Begin PBXNativeTarget section */
		1160A31025D994C6006B63C1 /* Photo-pin */ = {
			isa = PBXNativeTarget;
			buildConfigurationList = 1160A32525D994CA006B63C1 /* Build configuration list for PBXNativeTarget "Photo-pin" */;
			buildPhases = (
				1160A30D25D994C6006B63C1 /* Sources */,
				1160A30E25D994C6006B63C1 /* Frameworks */,
				1160A30F25D994C6006B63C1 /* Resources */,
			);
			buildRules = (
			);
			dependencies = (
			);
			name = "Photo-pin";
			packageProductDependencies = (
				11377A9D25D9AAFE0086AC8D /* AlamofireImage */,
				11377AA125D9AB170086AC8D /* Alamofire */,
			);
			productName = "Photo-pin";
			productReference = 1160A31125D994C6006B63C1 /* Photo-pin.app */;
			productType = "com.apple.product-type.application";
		};
/* End PBXNativeTarget section */

/* Begin PBXProject section */
		1160A30925D994C6006B63C1 /* Project object */ = {
			isa = PBXProject;
			attributes = {
				LastSwiftUpdateCheck = 1240;
				LastUpgradeCheck = 1240;
				TargetAttributes = {
					1160A31025D994C6006B63C1 = {
						CreatedOnToolsVersion = 12.4;
					};
				};
			};
			buildConfigurationList = 1160A30C25D994C6006B63C1 /* Build configuration list for PBXProject "Photo-pin" */;
			compatibilityVersion = "Xcode 9.3";
			developmentRegion = en;
			hasScannedForEncodings = 0;
			knownRegions = (
				en,
				Base,
			);
			mainGroup = 1160A30825D994C6006B63C1;
			packageReferences = (
				11377A9C25D9AAFE0086AC8D /* XCRemoteSwiftPackageReference "AlamofireImage" */,
				11377AA025D9AB170086AC8D /* XCRemoteSwiftPackageReference "Alamofire" */,
			);
			productRefGroup = 1160A31225D994C6006B63C1 /* Products */;
			projectDirPath = "";
			projectRoot = "";
			targets = (
				1160A31025D994C6006B63C1 /* Photo-pin */,
			);
		};
/* End PBXProject section */

/* Begin PBXResourcesBuildPhase section */
		1160A30F25D994C6006B63C1 /* Resources */ = {
			isa = PBXResourcesBuildPhase;
			buildActionMask = 2147483647;
			files = (
				1160A32125D994CA006B63C1 /* LaunchScreen.storyboard in Resources */,
				1160A31E25D994CA006B63C1 /* Assets.xcassets in Resources */,
				1160A31C25D994C6006B63C1 /* Main.storyboard in Resources */,
			);
			runOnlyForDeploymentPostprocessing = 0;
		};
/* End PBXResourcesBuildPhase section */

/* Begin PBXSourcesBuildPhase section */
		1160A30D25D994C6006B63C1 /* Sources */ = {
			isa = PBXSourcesBuildPhase;
			buildActionMask = 2147483647;
			files = (
				1160A31925D994C6006B63C1 /* MapVC.swift in Sources */,
				119DE27725DAEC8600568D7C /* PhotoCell.swift in Sources */,
				119DE27425DA7F8600568D7C /* DroppablePin.swift in Sources */,
				1160A31525D994C6006B63C1 /* AppDelegate.swift in Sources */,
				1160A31725D994C6006B63C1 /* SceneDelegate.swift in Sources */,
				119DE27A25DAF7FA00568D7C /* Constants.swift in Sources */,
			);
			runOnlyForDeploymentPostprocessing = 0;
		};
/* End PBXSourcesBuildPhase section */

/* Begin PBXVariantGroup section */
		1160A31A25D994C6006B63C1 /* Main.storyboard */ = {
			isa = PBXVariantGroup;
			children = (
				1160A31B25D994C6006B63C1 /* Base */,
			);
			name = Main.storyboard;
			sourceTree = "<group>";
		};
		1160A31F25D994CA006B63C1 /* LaunchScreen.storyboard */ = {
			isa = PBXVariantGroup;
			children = (
				1160A32025D994CA006B63C1 /* Base */,
			);
			name = LaunchScreen.storyboard;
			sourceTree = "<group>";
		};
/* End PBXVariantGroup section */

/* Begin XCBuildConfiguration section */
		1160A32325D994CA006B63C1 /* Debug */ = {
			isa = XCBuildConfiguration;
			buildSettings = {
				ALWAYS_SEARCH_USER_PATHS = NO;
				CLANG_ANALYZER_NONNULL = YES;
				CLANG_ANALYZER_NUMBER_OBJECT_CONVERSION = YES_AGGRESSIVE;
				CLANG_CXX_LANGUAGE_STANDARD = "gnu++14";
				CLANG_CXX_LIBRARY = "libc++";
				CLANG_ENABLE_MODULES = YES;
				CLANG_ENABLE_OBJC_ARC = YES;
				CLANG_ENABLE_OBJC_WEAK = YES;
				CLANG_WARN_BLOCK_CAPTURE_AUTORELEASING = YES;
				CLANG_WARN_BOOL_CONVERSION = YES;
				CLANG_WARN_COMMA = YES;
				CLANG_WARN_CONSTANT_CONVERSION = YES;
				CLANG_WARN_DEPRECATED_OBJC_IMPLEMENTATIONS = YES;
				CLANG_WARN_DIRECT_OBJC_ISA_USAGE = YES_ERROR;
				CLANG_WARN_DOCUMENTATION_COMMENTS = YES;
				CLANG_WARN_EMPTY_BODY = YES;
				CLANG_WARN_ENUM_CONVERSION = YES;
				CLANG_WARN_INFINITE_RECURSION = YES;
				CLANG_WARN_INT_CONVERSION = YES;
				CLANG_WARN_NON_LITERAL_NULL_CONVERSION = YES;
				CLANG_WARN_OBJC_IMPLICIT_RETAIN_SELF = YES;
				CLANG_WARN_OBJC_LITERAL_CONVERSION = YES;
				CLANG_WARN_OBJC_ROOT_CLASS = YES_ERROR;
				CLANG_WARN_QUOTED_INCLUDE_IN_FRAMEWORK_HEADER = YES;
				CLANG_WARN_RANGE_LOOP_ANALYSIS = YES;
				CLANG_WARN_STRICT_PROTOTYPES = YES;
				CLANG_WARN_SUSPICIOUS_MOVE = YES;
				CLANG_WARN_UNGUARDED_AVAILABILITY = YES_AGGRESSIVE;
				CLANG_WARN_UNREACHABLE_CODE = YES;
				CLANG_WARN__DUPLICATE_METHOD_MATCH = YES;
				COPY_PHASE_STRIP = NO;
				DEBUG_INFORMATION_FORMAT = dwarf;
				ENABLE_STRICT_OBJC_MSGSEND = YES;
				ENABLE_TESTABILITY = YES;
				GCC_C_LANGUAGE_STANDARD = gnu11;
				GCC_DYNAMIC_NO_PIC = NO;
				GCC_NO_COMMON_BLOCKS = YES;
				GCC_OPTIMIZATION_LEVEL = 0;
				GCC_PREPROCESSOR_DEFINITIONS = (
					"DEBUG=1",
					"$(inherited)",
				);
				GCC_WARN_64_TO_32_BIT_CONVERSION = YES;
				GCC_WARN_ABOUT_RETURN_TYPE = YES_ERROR;
				GCC_WARN_UNDECLARED_SELECTOR = YES;
				GCC_WARN_UNINITIALIZED_AUTOS = YES_AGGRESSIVE;
				GCC_WARN_UNUSED_FUNCTION = YES;
				GCC_WARN_UNUSED_VARIABLE = YES;
				IPHONEOS_DEPLOYMENT_TARGET = 14.4;
				MTL_ENABLE_DEBUG_INFO = INCLUDE_SOURCE;
				MTL_FAST_MATH = YES;
				ONLY_ACTIVE_ARCH = YES;
				SDKROOT = iphoneos;
				SWIFT_ACTIVE_COMPILATION_CONDITIONS = DEBUG;
				SWIFT_OPTIMIZATION_LEVEL = "-Onone";
			};
			name = Debug;
		};
		1160A32425D994CA006B63C1 /* Release */ = {
			isa = XCBuildConfiguration;
			buildSettings = {
				ALWAYS_SEARCH_USER_PATHS = NO;
				CLANG_ANALYZER_NONNULL = YES;
				CLANG_ANALYZER_NUMBER_OBJECT_CONVERSION = YES_AGGRESSIVE;
				CLANG_CXX_LANGUAGE_STANDARD = "gnu++14";
				CLANG_CXX_LIBRARY = "libc++";
				CLANG_ENABLE_MODULES = YES;
				CLANG_ENABLE_OBJC_ARC = YES;
				CLANG_ENABLE_OBJC_WEAK = YES;
				CLANG_WARN_BLOCK_CAPTURE_AUTORELEASING = YES;
				CLANG_WARN_BOOL_CONVERSION = YES;
				CLANG_WARN_COMMA = YES;
				CLANG_WARN_CONSTANT_CONVERSION = YES;
				CLANG_WARN_DEPRECATED_OBJC_IMPLEMENTATIONS = YES;
				CLANG_WARN_DIRECT_OBJC_ISA_USAGE = YES_ERROR;
				CLANG_WARN_DOCUMENTATION_COMMENTS = YES;
				CLANG_WARN_EMPTY_BODY = YES;
				CLANG_WARN_ENUM_CONVERSION = YES;
				CLANG_WARN_INFINITE_RECURSION = YES;
				CLANG_WARN_INT_CONVERSION = YES;
				CLANG_WARN_NON_LITERAL_NULL_CONVERSION = YES;
				CLANG_WARN_OBJC_IMPLICIT_RETAIN_SELF = YES;
				CLANG_WARN_OBJC_LITERAL_CONVERSION = YES;
				CLANG_WARN_OBJC_ROOT_CLASS = YES_ERROR;
				CLANG_WARN_QUOTED_INCLUDE_IN_FRAMEWORK_HEADER = YES;
				CLANG_WARN_RANGE_LOOP_ANALYSIS = YES;
				CLANG_WARN_STRICT_PROTOTYPES = YES;
				CLANG_WARN_SUSPICIOUS_MOVE = YES;
				CLANG_WARN_UNGUARDED_AVAILABILITY = YES_AGGRESSIVE;
				CLANG_WARN_UNREACHABLE_CODE = YES;
				CLANG_WARN__DUPLICATE_METHOD_MATCH = YES;
				COPY_PHASE_STRIP = NO;
				DEBUG_INFORMATION_FORMAT = "dwarf-with-dsym";
				ENABLE_NS_ASSERTIONS = NO;
				ENABLE_STRICT_OBJC_MSGSEND = YES;
				GCC_C_LANGUAGE_STANDARD = gnu11;
				GCC_NO_COMMON_BLOCKS = YES;
				GCC_WARN_64_TO_32_BIT_CONVERSION = YES;
				GCC_WARN_ABOUT_RETURN_TYPE = YES_ERROR;
				GCC_WARN_UNDECLARED_SELECTOR = YES;
				GCC_WARN_UNINITIALIZED_AUTOS = YES_AGGRESSIVE;
				GCC_WARN_UNUSED_FUNCTION = YES;
				GCC_WARN_UNUSED_VARIABLE = YES;
				IPHONEOS_DEPLOYMENT_TARGET = 14.4;
				MTL_ENABLE_DEBUG_INFO = NO;
				MTL_FAST_MATH = YES;
				SDKROOT = iphoneos;
				SWIFT_COMPILATION_MODE = wholemodule;
				SWIFT_OPTIMIZATION_LEVEL = "-O";
				VALIDATE_PRODUCT = YES;
			};
			name = Release;
		};
		1160A32625D994CA006B63C1 /* Debug */ = {
			isa = XCBuildConfiguration;
			buildSettings = {
				ASSETCATALOG_COMPILER_APPICON_NAME = AppIcon;
				ASSETCATALOG_COMPILER_GLOBAL_ACCENT_COLOR_NAME = AccentColor;
				CODE_SIGN_STYLE = Automatic;
				DEVELOPMENT_TEAM = F463Y88YDK;
				INFOPLIST_FILE = "Photo-pin/Info.plist";
				LD_RUNPATH_SEARCH_PATHS = (
					"$(inherited)",
					"@executable_path/Frameworks",
				);
				PRODUCT_BUNDLE_IDENTIFIER = "NikitaOrg.Photo-pin";
				PRODUCT_NAME = "$(TARGET_NAME)";
				SWIFT_VERSION = 5.0;
				TARGETED_DEVICE_FAMILY = "1,2";
			};
			name = Debug;
		};
		1160A32725D994CA006B63C1 /* Release */ = {
			isa = XCBuildConfiguration;
			buildSettings = {
				ASSETCATALOG_COMPILER_APPICON_NAME = AppIcon;
				ASSETCATALOG_COMPILER_GLOBAL_ACCENT_COLOR_NAME = AccentColor;
				CODE_SIGN_STYLE = Automatic;
				DEVELOPMENT_TEAM = F463Y88YDK;
				INFOPLIST_FILE = "Photo-pin/Info.plist";
				LD_RUNPATH_SEARCH_PATHS = (
					"$(inherited)",
					"@executable_path/Frameworks",
				);
				PRODUCT_BUNDLE_IDENTIFIER = "NikitaOrg.Photo-pin";
				PRODUCT_NAME = "$(TARGET_NAME)";
				SWIFT_VERSION = 5.0;
				TARGETED_DEVICE_FAMILY = "1,2";
			};
			name = Release;
		};
/* End XCBuildConfiguration section */

/* Begin XCConfigurationList section */
		1160A30C25D994C6006B63C1 /* Build configuration list for PBXProject "Photo-pin" */ = {
			isa = XCConfigurationList;
			buildConfigurations = (
				1160A32325D994CA006B63C1 /* Debug */,
				1160A32425D994CA006B63C1 /* Release */,
			);
			defaultConfigurationIsVisible = 0;
			defaultConfigurationName = Release;
		};
		1160A32525D994CA006B63C1 /* Build configuration list for PBXNativeTarget "Photo-pin" */ = {
			isa = XCConfigurationList;
			buildConfigurations = (
				1160A32625D994CA006B63C1 /* Debug */,
				1160A32725D994CA006B63C1 /* Release */,
			);
			defaultConfigurationIsVisible = 0;
			defaultConfigurationName = Release;
		};
/* End XCConfigurationList section */

/* Begin XCRemoteSwiftPackageReference section */
		11377A9C25D9AAFE0086AC8D /* XCRemoteSwiftPackageReference "AlamofireImage" */ = {
			isa = XCRemoteSwiftPackageReference;
			repositoryURL = "https://github.com/Alamofire/AlamofireImage.git";
			requirement = {
				kind = upToNextMajorVersion;
				minimumVersion = 4.1.0;
			};
		};
		11377AA025D9AB170086AC8D /* XCRemoteSwiftPackageReference "Alamofire" */ = {
			isa = XCRemoteSwiftPackageReference;
			repositoryURL = "https://github.com/Alamofire/Alamofire.git";
			requirement = {
				kind = upToNextMajorVersion;
				minimumVersion = 5.4.1;
			};
		};
/* End XCRemoteSwiftPackageReference section */

/* Begin XCSwiftPackageProductDependency section */
		11377A9D25D9AAFE0086AC8D /* AlamofireImage */ = {
			isa = XCSwiftPackageProductDependency;
			package = 11377A9C25D9AAFE0086AC8D /* XCRemoteSwiftPackageReference "AlamofireImage" */;
			productName = AlamofireImage;
		};
		11377AA125D9AB170086AC8D /* Alamofire */ = {
			isa = XCSwiftPackageProductDependency;
			package = 11377AA025D9AB170086AC8D /* XCRemoteSwiftPackageReference "Alamofire" */;
			productName = Alamofire;
		};
/* End XCSwiftPackageProductDependency section */
	};
	rootObject = 1160A30925D994C6006B63C1 /* Project object */;
}
